
Microsoft Visual Studio Solution File, Format Version 12.00
# Visual Studio Version 17
VisualStudioVersion = 17.6.33723.286
MinimumVisualStudioVersion = 10.0.40219.1
Project("{FAE04EC0-301F-11D3-BF4B-00C04F79EFBC}") = "EarnLogger", "EarnLogger\EarnLogger.csproj", "{B8E4E8CC-EBD8-4913-8B65-A4B030E5A4D9}"
EndProject
Global
	GlobalSection(SolutionConfigurationPlatforms) = preSolution
		Debug|Any CPU = Debug|Any CPU
		Release|Any CPU = Release|Any CPU
	EndGlobalSection
	GlobalSection(ProjectConfigurationPlatforms) = postSolution
		{B8E4E8CC-EBD8-4913-8B65-A4B030E5A4D9}.Debug|Any CPU.ActiveCfg = Debug|Any CPU
		{B8E4E8CC-EBD8-4913-8B65-A4B030E5A4D9}.Debug|Any CPU.Build.0 = Debug|Any CPU
		{B8E4E8CC-EBD8-4913-8B65-A4B030E5A4D9}.Release|Any CPU.ActiveCfg = Release|Any CPU
		{B8E4E8CC-EBD8-4913-8B65-A4B030E5A4D9}.Release|Any CPU.Build.0 = Release|Any CPU
	EndGlobalSection
	GlobalSection(SolutionProperties) = preSolution
		HideSolutionNode = FALSE
	EndGlobalSection
	GlobalSection(ExtensibilityGlobals) = postSolution
		SolutionGuid = {8AC44AA6-AA3E-4ED9-8814-B5BF66E18C43}
	EndGlobalSection
EndGlobal
